
Microsoft Visual Studio Solution File, Format Version 12.00
# Visual Studio 15
VisualStudioVersion = 15.0.28307.1145
MinimumVisualStudioVersion = 10.0.40219.1
Project("{FAE04EC0-301F-11D3-BF4B-00C04F79EFBC}") = "PersonalSiteMVC", "PersonalSiteMVC\PersonalSiteMVC.csproj", "{462F7376-500B-4BEE-AB4F-F16DDB79766C}"
EndProject
Global
	GlobalSection(SolutionConfigurationPlatforms) = preSolution
		Debug|Any CPU = Debug|Any CPU
		Release|Any CPU = Release|Any CPU
	EndGlobalSection
	GlobalSection(ProjectConfigurationPlatforms) = postSolution
		{462F7376-500B-4BEE-AB4F-F16DDB79766C}.Debug|Any CPU.ActiveCfg = Debug|Any CPU
		{462F7376-500B-4BEE-AB4F-F16DDB79766C}.Debug|Any CPU.Build.0 = Debug|Any CPU
		{462F7376-500B-4BEE-AB4F-F16DDB79766C}.Release|Any CPU.ActiveCfg = Release|Any CPU
		{462F7376-500B-4BEE-AB4F-F16DDB79766C}.Release|Any CPU.Build.0 = Release|Any CPU
	EndGlobalSection
	GlobalSection(SolutionProperties) = preSolution
		HideSolutionNode = FALSE
	EndGlobalSection
	GlobalSection(ExtensibilityGlobals) = postSolution
		SolutionGuid = {68506BAF-EABF-4E76-9DDB-8A766346A02E}
	EndGlobalSection
EndGlobal
